
Microsoft Visual Studio Solution File, Format Version 12.00
# Visual Studio Version 17
VisualStudioVersion = 17.4.33403.182
MinimumVisualStudioVersion = 10.0.40219.1
Project("{888888A0-9F3D-457C-B088-3A5042F75D52}") = "RPS", "RPS\RPS.pyproj", "{36A834C9-DEFA-485E-9C8B-683A2D462CEF}"
EndProject
Global
	GlobalSection(SolutionConfigurationPlatforms) = preSolution
		Debug|Any CPU = Debug|Any CPU
		Release|Any CPU = Release|Any CPU
	EndGlobalSection
	GlobalSection(ProjectConfigurationPlatforms) = postSolution
		{36A834C9-DEFA-485E-9C8B-683A2D462CEF}.Debug|Any CPU.ActiveCfg = Debug|Any CPU
		{36A834C9-DEFA-485E-9C8B-683A2D462CEF}.Release|Any CPU.ActiveCfg = Release|Any CPU
	EndGlobalSection
	GlobalSection(SolutionProperties) = preSolution
		HideSolutionNode = FALSE
	EndGlobalSection
	GlobalSection(ExtensibilityGlobals) = postSolution
		SolutionGuid = {560A18D4-522E-45F0-A38C-1366D4EEEA51}
	EndGlobalSection
EndGlobal
